
Microsoft Visual Studio Solution File, Format Version 12.00
# Visual Studio Version 17
VisualStudioVersion = 17.14.36401.2 d17.14
MinimumVisualStudioVersion = 10.0.40219.1
Project("{8BC9CEB8-8B4A-11D0-8D11-00A0C91BC942}") = "iglim", "iglim\iglim.vcxproj", "{513D6291-0662-16A9-361A-313442B29970}"
EndProject
Global
	GlobalSection(SolutionConfigurationPlatforms) = preSolution
		Debug|x64 = Debug|x64
		Debug|x86 = Debug|x86
		Release|x64 = Release|x64
		Release|x86 = Release|x86
	EndGlobalSection
	GlobalSection(ProjectConfigurationPlatforms) = postSolution
		{513D6291-0662-16A9-361A-313442B29970}.Debug|x64.ActiveCfg = Debug|x64
		{513D6291-0662-16A9-361A-313442B29970}.Debug|x64.Build.0 = Debug|x64
		{513D6291-0662-16A9-361A-313442B29970}.Debug|x86.ActiveCfg = Debug|Win32
		{513D6291-0662-16A9-361A-313442B29970}.Debug|x86.Build.0 = Debug|Win32
		{513D6291-0662-16A9-361A-313442B29970}.Release|x64.ActiveCfg = Release|x64
		{513D6291-0662-16A9-361A-313442B29970}.Release|x64.Build.0 = Release|x64
		{513D6291-0662-16A9-361A-313442B29970}.Release|x86.ActiveCfg = Release|Win32
		{513D6291-0662-16A9-361A-313442B29970}.Release|x86.Build.0 = Release|Win32
	EndGlobalSection
	GlobalSection(SolutionProperties) = preSolution
		HideSolutionNode = FALSE
	EndGlobalSection
	GlobalSection(ExtensibilityGlobals) = postSolution
		SolutionGuid = {B10F42CC-B38D-4D1F-B26A-3200C2523EA5}
	EndGlobalSection
EndGlobal
